PODS:
  - RxCocoa (3.5.0):
    - RxSwift (~> 3.4)
  - RxSwift (3.5.0)
  - SwiftyJSON (3.1.4)

DEPENDENCIES:
  - RxCocoa (~> 3.4)
  - RxSwift (~> 3.4)
  - SwiftyJSON

SPEC CHECKSUMS:
  RxCocoa: a0a09f45d0e5b48ecb6a4a7b4b4c89c88d3f633f
  RxSwift: 18ee9d78b45edb3b0b7e79916b47a116e6dbc842
  SwiftyJSON: c2842d878f95482ffceec5709abc3d05680c0220

PODFILE CHECKSUM: ebcce229abe6e86fce3a7a03ca48abf62cb8ac91

COCOAPODS: 1.2.1
